# This file is automatically @generated by Orbit.
# It is not intended for manual editing.
version = 1

[[ip]]
name = "bot"
version = "0.1.0"
uuid = "8lhx6pjjfi2gkzdzkx9bava6w"
checksum = "97e4b9f1782c3aa745e41770ea091524d48b4b0710ab4881570b36246c68c624"
dependencies = []

[[ip]]
name = "mid"
version = "0.1.0"
uuid = "01d7raymfdvxosspirf9o46c7"
dependencies = ["bot+8lhx6pjjfi2gkzdzkx9bava6w:0.1.0"]
