# This file is automatically @generated by Orbit.
# It is not intended for manual editing.
version = 1

[[ip]]
name = "ip10"
version = "0.1.0"
uuid = "cedgx6gb3cee2ol0uyynxnoup"
checksum = "dee873f93fd9ed0f34fe621c61592b8262adef94d678ebb8bcd6ab4156401454"
dependencies = []

[[ip]]
name = "ip11"
version = "0.1.0"
uuid = "6hfbbr44f59lugpdgb54cq2y2"
dependencies = ["ip10:0.1.0"]
