# This file is automatically @generated by Orbit.
# It is not intended for manual editing.
version = 1

[[ip]]
name = "ip10"
version = "0.1.0"
uuid = "cedgx6gb3cee2ol0uyynxnoup"
checksum = "b02e261bd20d95ab62df037f05f4ed9224820831b189c868544df9399e910980"
dependencies = []

[[ip]]
name = "ip11"
version = "0.1.0"
uuid = "6hfbbr44f59lugpdgb54cq2y2"
dependencies = ["ip10+cedgx6gb3cee2ol0uyynxnoup:0.1.0"]
