# This file is auto-generated by Orbit. DO NOT EDIT.
version = 1

[[ip]]
name = "ip-a"
version = "0.1.0"
uuid = "KpHvB4kYG4dSWGG8eRSPRx"
checksum = "bbbd8e3f8f29665a4ba2b42afd23e2c46bfef27c34fc2d912e69cfd26aef7cb5"
dependencies = ["ip-b:0.1.0"]

[[ip]]
name = "ip-b"
version = "0.1.0"
uuid = "6RvP22Hbz1MnXMoVnM84n7"
checksum = "b8da6e529bdc545fbd41ba91d014a45ad5e9ed01a7b1982952134f4ceaad6000"
dependencies = []

[[ip]]
name = "ip-c"
version = "0.1.0"
uuid = "TAAjM4j8sX2bpJALYgwqRr"
dependencies = ["ip-a:0.1.0"]
