# This file is automatically @generated by Orbit.
# It is not intended for manual editing.
version = 1

[[ip]]
name = "ip-a"
version = "0.1.0"
uuid = "02ca23lot1yum2qmwwrcod0ra"
checksum = "359dbceea610fd0914682c202bb041781b5cc722517d0fbaf6ef73ef3f8e0070"
dependencies = ["ip-b+133pf1iqec3287bkt7i185772:0.1.0"]

[[ip]]
name = "ip-b"
version = "0.1.0"
uuid = "133pf1iqec3287bkt7i185772"
checksum = "032d98014ebcb55b31c982146da66c923a700da9d4b9b72df35869e1bdb78eb3"
dependencies = []

[[ip]]
name = "ip-c"
version = "0.1.0"
uuid = "3kpqlqt1dp9xv079kxub90c7a"
dependencies = ["ip-a+02ca23lot1yum2qmwwrcod0ra:0.1.0"]
