# This file is automatically @generated by Orbit.
# It is not intended for manual editing.
version = 1

[[project]]
name = "bridge"
version = "0.1.0"
uuid = "8r5g2zk1xq4hpn7m3wjvabcde"
dependencies = ["primitives+d3lutf3k0s597l8ot5gg9hpuv:0.1.0"]

[[project]]
name = "primitives"
version = "0.1.0"
uuid = "d3lutf3k0s597l8ot5gg9hpuv"
path = "../primitives"
dependencies = []
