# This file is automatically @generated by Orbit.
# It is not intended for manual editing.
version = 1

[[project]]
name = "cpu"
version = "0.1.0"
uuid = "6oo5274hmpbp2fnspx8dhmwtd"
dependencies = ["vutils+4c1ww3wjfor6tcm5ekqynj31g:0.1.0"]

[[project]]
name = "vutils"
version = "0.1.0"
uuid = "4c1ww3wjfor6tcm5ekqynj31g"
path = "../vutils"
dependencies = []
