# This file is automatically @generated by Orbit.
# It is not intended for manual editing.
version = 1

[[ip]]
name = "aka"
version = "1.0.2"
uuid = "7rpqp96p6pvpjkrg7pt8xcxfw"
checksum = "b3d90665724d7cfc8f885444c67bf3aa71621538d90eb2333a84fc970314afac"
dependencies = []

[[ip]]
name = "ao"
version = "2.0.0"
uuid = "cizi0nmsxmwztcek1b55eo7da"
checksum = "58c5a0e39f03aa56bf2034aed509542d863fec0a5c6a3e5e94e680011b91056b"
dependencies = ["aka+7rpqp96p6pvpjkrg7pt8xcxfw:1.0"]

[[ip]]
name = "kuro"
version = "0.1.0"
uuid = "8s2xg9zuwu0olsfg8j1znjnej"
dependencies = [
    "aka+7rpqp96p6pvpjkrg7pt8xcxfw:1.0",
    "ao+cizi0nmsxmwztcek1b55eo7da:2.0.0",
]
