# This file is auto-generated by Orbit. DO NOT EDIT.
version = 1

[[ip]]
name = "aka"
version = "1.0.2"
uuid = "2c2cc213-95c3-4cec-be75-ff1d741c5e39"
checksum = "775285c4f1139ccc0ef09d25edcaf5257cf23d9b8f73e91015a793c22b0f33e5"
dependencies = []

[[ip]]
name = "ao"
version = "2.0.0"
uuid = "cadddec7-2a38-4bdb-a2d4-b86aaedaaa73"
checksum = "80e7555b9ec98683c57fab752a553799f2aba4c4bc211a27a2954b6da1eaaa7a"
dependencies = ["aka:1.0"]

[[ip]]
name = "kuro"
version = "0.1.0"
uuid = "5ea7180a-a867-4857-81ac-f5d4cec8ca3a"
dependencies = [
    "aka:1.0",
    "ao:2.0.0",
]
