# This file is automatically @generated by Orbit.
# It is not intended for manual editing.
version = 1

[[project]]
name = "aka"
version = "1.0.2"
uuid = "7rpqp96p6pvpjkrg7pt8xcxfw"
checksum = "9e1da16a9dd197a90cb372d4d9ad2395860619724fab35473e140dbe4aa56ace"
dependencies = []

[[project]]
name = "ao"
version = "2.0.0"
uuid = "cizi0nmsxmwztcek1b55eo7da"
checksum = "c65e6b9d9f44100f032b789ed1fdb57d699d5f129e37100c1d9029127dc38342"
dependencies = ["aka+7rpqp96p6pvpjkrg7pt8xcxfw:1.0"]

[[project]]
name = "kuro"
version = "0.1.0"
uuid = "8s2xg9zuwu0olsfg8j1znjnej"
dependencies = [
    "aka+7rpqp96p6pvpjkrg7pt8xcxfw:1.0",
    "ao+cizi0nmsxmwztcek1b55eo7da:2.0.0",
]
