# This file is auto-generated by Orbit. DO NOT EDIT.
version = 1

[[ip]]
name = "ip-a"
version = "0.1.0"
uuid = "c34799dd-9c20-4aa1-8123-687d9d692b0e"
checksum = "457c8bfc83a079a2915263525f7f307848baea23b9485606d2c1906be9cfbf7b"
dependencies = ["ip-b:0.1.0"]

[[ip]]
name = "ip-b"
version = "0.1.0"
uuid = "0fe73b27-07f1-4068-9e4f-9032ecf72829"
checksum = "eac05fa204a27b406ad45d5183bbfbdce7f3e66031ad13ef7602598982227edd"
dependencies = []

[[ip]]
name = "ip-c"
version = "0.1.0"
uuid = "df66093b-e868-4c8c-8aed-74b7994536b7"
dependencies = ["ip-a:0.1.0"]
