# This file is auto-generated by Orbit. DO NOT EDIT.

[[ip]]
name = "ip-a"
version = "0.1.0"
sum = "8e6f7bdfc7a64b49e9a3ad41557acff02f362be28e937ac6c35b2c77468473aa"
dependencies = ["ip-b:0.1.0"]

[[ip]]
name = "ip-b"
version = "0.1.0"
sum = "87678be5e3cf83fe82ae649051c3fd98fefa7edaa22664a58960721fd4a04296"
dependencies = []

[[ip]]
name = "ip-c"
version = "0.1.0"
dependencies = ["ip-a:0.1.0"]
