# This file is auto-generated by Orbit. DO NOT EDIT.
version = 1

[[ip]]
name = "ip-a"
version = "0.1.0"
uuid = "c34799dd-9c20-4aa1-8123-687d9d692b0e"
checksum = "bbbd8e3f8f29665a4ba2b42afd23e2c46bfef27c34fc2d912e69cfd26aef7cb5"
dependencies = ["ip-b:0.1.0"]

[[ip]]
name = "ip-b"
version = "0.1.0"
uuid = "0fe73b27-07f1-4068-9e4f-9032ecf72829"
checksum = "b8da6e529bdc545fbd41ba91d014a45ad5e9ed01a7b1982952134f4ceaad6000"
dependencies = []

[[ip]]
name = "ip-c"
version = "0.1.0"
uuid = "df66093b-e868-4c8c-8aed-74b7994536b7"
dependencies = ["ip-a:0.1.0"]
