# This file is automatically @generated by Orbit.
# It is not intended for manual editing.
version = 1

[[ip]]
name = "ip-a"
version = "0.1.0"
uuid = "02ca23lot1yum2qmwwrcod0ra"
dependencies = ["ip-b:0.1.0"]

[[ip]]
name = "ip-b"
version = "0.1.0"
uuid = "133pf1iqec3287bkt7i185772"
checksum = "044588b88af785d007e0af7075d43486c0bfe9e992696dcadd8ae0128826cee0"
dependencies = []
