# This file is automatically @generated by Orbit.
# It is not intended for manual editing.
version = 1

[[ip]]
name = "ip-a"
version = "0.1.0"
uuid = "02ca23lot1yum2qmwwrcod0ra"
dependencies = ["ip-b:0.1.0"]

[[ip]]
name = "ip-b"
version = "0.1.0"
uuid = "133pf1iqec3287bkt7i185772"
checksum = "b8da6e529bdc545fbd41ba91d014a45ad5e9ed01a7b1982952134f4ceaad6000"
dependencies = []
