# This file is automatically @generated by Orbit.
# It is not intended for manual editing.
version = 1

[[project]]
name = "ip-a"
version = "0.1.0"
uuid = "02ca23lot1yum2qmwwrcod0ra"
dependencies = ["ip-b+133pf1iqec3287bkt7i185772:0.1.0"]

[[project]]
name = "ip-b"
version = "0.1.0"
uuid = "133pf1iqec3287bkt7i185772"
checksum = "ca99a73147e03b1d5bbb79eb3be25be0d0ad3a8cfeb0d96ee4252fc19e8ed53b"
dependencies = []
