# This file is auto-generated by Orbit. DO NOT EDIT.
version = 1

[[ip]]
name = "app"
version = "0.1.0"
uuid = "38e9b2d0-0047-485d-9b27-cc335ced8f8d"
dependencies = ["lib:0.1.0"]

[[ip]]
name = "lib"
version = "0.1.0"
uuid = "44916983-5f77-4b3f-81ec-c7111bd2e479"
checksum = "685615fd5d7c79ace9881ea3941169ed86767825ebe4417a0f1b0e24bc87cc25"
dependencies = []
