# This file is automatically @generated by Orbit.
# It is not intended for manual editing.
version = 1

[[ip]]
name = "app"
version = "0.1.0"
uuid = "1h875zp8cjtab1lrkdgue5gxk"
dependencies = ["lib:0.1.0"]

[[ip]]
name = "lib"
version = "0.1.0"
uuid = "esefn4auh48jjfz1g6xvwj48r"
checksum = "3154ff1a3d0148a724ec57b9bd382e1e1592d31bd496cb8448697b959a5ba26e"
dependencies = []
