# This file is automatically @generated by Orbit.
# It is not intended for manual editing.
version = 1

[[ip]]
name = "app"
version = "0.1.0"
uuid = "1h875zp8cjtab1lrkdgue5gxk"
dependencies = ["lib:0.1.0"]

[[ip]]
name = "lib"
version = "0.1.0"
uuid = "esefn4auh48jjfz1g6xvwj48r"
checksum = "685615fd5d7c79ace9881ea3941169ed86767825ebe4417a0f1b0e24bc87cc25"
dependencies = []
