# This file is automatically @generated by Orbit.
# It is not intended for manual editing.
version = 1

[[ip]]
name = "sub"
version = "0.1.0"
uuid = "1hjn6n1swi8e6ib55j4uecsv4"
path = "../sub"
dependencies = []

[[ip]]
name = "top"
version = "0.1.0"
uuid = "71vs0nyo7lqjji6p6uzfviaoi"
dependencies = ["sub+1hjn6n1swi8e6ib55j4uecsv4:0.1.0"]
