# This file is auto-generated by Orbit. DO NOT EDIT.
version = 1

[[ip]]
name = "sub"
version = "0.1.0"
uuid = "GiN2JZyX2kzkyytJzN8ZFq"
path = "/Users/chase/Develop/rust/orbit/tests/s5/sub"
dependencies = []

[[ip]]
name = "top"
version = "0.1.0"
uuid = "LNYuezd1CYzp5RVJQtupDH"
dependencies = ["sub:0.1.0"]
