# This file is auto-generated by Orbit. DO NOT EDIT.
version = 1

[[ip]]
name = "aka"
version = "1.0.1"
uuid = "7VK6hWFFTuUqpZiinzZaDx"
checksum = "7182f6bcacb9e92942fe65796b154b56c1901c573da909fae6a32975e6440825"
dependencies = []

[[ip]]
name = "ao"
version = "2.0.0"
uuid = "UbSZ2XYPZue4AxBG7uLrmQ"
dependencies = ["aka:1.0"]
