# This file is automatically @generated by Orbit.
# It is not intended for manual editing.
version = 1

[[project]]
name = "aka"
version = "1.0.1"
uuid = "7rpqp96p6pvpjkrg7pt8xcxfw"
checksum = "8a5b04bba3de1c28e4330bb03c6cd6032f7c77292853f3e1ca8eeb47226468e7"
dependencies = []

[[project]]
name = "ao"
version = "2.0.0"
uuid = "cizi0nmsxmwztcek1b55eo7da"
dependencies = ["aka+7rpqp96p6pvpjkrg7pt8xcxfw:1.0"]
