# This file is automatically @generated by Orbit.
# It is not intended for manual editing.
version = 1

[[ip]]
name = "aka"
version = "1.0.1"
uuid = "7rpqp96p6pvpjkrg7pt8xcxfw"
checksum = "261b3d86a4408372bbe23633af7355f8a11f8bbae89159e4cec60972858f8ac1"
dependencies = []

[[ip]]
name = "ao"
version = "2.0.0"
uuid = "cizi0nmsxmwztcek1b55eo7da"
dependencies = ["aka:1.0"]
