# This file is auto-generated by Orbit. DO NOT EDIT.
version = 1

[[ip]]
name = "ip10"
version = "0.1.0"
uuid = "604c2d7f-e623-45ed-9222-4856000c5cd0"
checksum = "ba3a31b3edb11b6ccb77e74d9432b54e76a46d9f19e564bf5ee4efbe39dcc188"
dependencies = []

[[ip]]
name = "ip11"
version = "0.1.0"
uuid = "581f2240-b49c-4a8a-a294-9119a03e0b75"
dependencies = ["ip10:0.1.0"]
