# This file is auto-generated by Orbit. DO NOT EDIT.
version = 1

[[ip]]
name = "ip-a"
version = "0.1.0"
uuid = "c34799dd-9c20-4aa1-8123-687d9d692b0e"
dependencies = ["ip-b:0.1.0"]

[[ip]]
name = "ip-b"
version = "0.1.0"
uuid = "0fe73b27-07f1-4068-9e4f-9032ecf72829"
checksum = "b9425ed471432994b55e3e7bb660588fd9e705ff6bcc5a39df0a708297917822"
dependencies = []
