# This file is automatically @generated by Orbit.
# It is not intended for manual editing.
version = 1

[[project]]
name = "a"
version = "0.1.1"
uuid = "9lgqxpmr3a5far3mod7d7a40k"
path = "../a"
dependencies = []

[[project]]
name = "b"
version = "0.1.0"
uuid = "31g4wf2pe7o8e8h8xu4iwufeq"
dependencies = ["a+9lgqxpmr3a5far3mod7d7a40k:0.1.1"]
