# This file is automatically @generated by Orbit.
# It is not intended for manual editing.
version = 1

[[ip]]
name = "dep"
version = "0.1.0"
uuid = "bsyi22wcqyf7vrzspaa8kjfym"
path = "../dep"
dependencies = []

[[ip]]
name = "top"
version = "0.1.0"
uuid = "aje102fjc86k3fpoe3ifa5nw5"
dependencies = ["dep+bsyi22wcqyf7vrzspaa8kjfym:0.1.0"]
