# This file is auto-generated by Orbit. DO NOT EDIT.
version = 1

[[ip]]
name = "sub"
version = "0.1.0"
uuid = "100c290c-9035-4dbd-bdab-7b19f8a90cae"
path = "/Users/chase/Develop/rust/orbit/examples/relative/sub"
dependencies = []

[[ip]]
name = "top"
version = "0.1.0"
uuid = "a1dc3a52-fc6a-4327-973b-4cf9a98db864"
dependencies = ["sub:0.1.0"]
