# This file is automatically @generated by Orbit.
# It is not intended for manual editing.
version = 1

[[ip]]
name = "bot"
version = "0.1.0"
uuid = "5u86uazcqgnsi2urvujnh4evj"
checksum = "7bcc7490e52a0f85b607ab23fbad14a00f794b4660ad61b4e2dd3a2b9f523267"
dependencies = []

[[ip]]
name = "top"
version = "0.1.0"
uuid = "5xwxds2xlr94pgfnlu7q2d6pt"
dependencies = ["bot+5u86uazcqgnsi2urvujnh4evj:0.1.0"]
